
Microsoft Visual Studio Solution File, Format Version 12.00
# Visual Studio Version 17
VisualStudioVersion = 17.7.34202.233
MinimumVisualStudioVersion = 10.0.40219.1
Project("{FAE04EC0-301F-11D3-BF4B-00C04F79EFBC}") = "StaffSearch", "StaffSearch.csproj", "{BBCA0778-83E3-4FD6-9B5E-41F36573047F}"
EndProject
Global
	GlobalSection(SolutionConfigurationPlatforms) = preSolution
		Debug|Any CPU = Debug|Any CPU
		Release|Any CPU = Release|Any CPU
	EndGlobalSection
	GlobalSection(ProjectConfigurationPlatforms) = postSolution
		{BBCA0778-83E3-4FD6-9B5E-41F36573047F}.Debug|Any CPU.ActiveCfg = Debug|Any CPU
		{BBCA0778-83E3-4FD6-9B5E-41F36573047F}.Debug|Any CPU.Build.0 = Debug|Any CPU
		{BBCA0778-83E3-4FD6-9B5E-41F36573047F}.Release|Any CPU.ActiveCfg = Release|Any CPU
		{BBCA0778-83E3-4FD6-9B5E-41F36573047F}.Release|Any CPU.Build.0 = Release|Any CPU
	EndGlobalSection
	GlobalSection(SolutionProperties) = preSolution
		HideSolutionNode = FALSE
	EndGlobalSection
	GlobalSection(ExtensibilityGlobals) = postSolution
		SolutionGuid = {D7E09C7E-2043-428D-A0F9-616660BD00C7}
	EndGlobalSection
EndGlobal
